
Microsoft Visual Studio Solution File, Format Version 12.00
# Visual Studio Version 17
VisualStudioVersion = 17.8.34525.116
MinimumVisualStudioVersion = 10.0.40219.1
Project("{FAE04EC0-301F-11D3-BF4B-00C04F79EFBC}") = "Capitulo4", "Capitulo4\Capitulo4.csproj", "{B5C5BDBA-4B6C-4D10-81A1-59B37F5E3652}"
EndProject
Global
	GlobalSection(SolutionConfigurationPlatforms) = preSolution
		Debug|Any CPU = Debug|Any CPU
		Release|Any CPU = Release|Any CPU
	EndGlobalSection
	GlobalSection(ProjectConfigurationPlatforms) = postSolution
		{B5C5BDBA-4B6C-4D10-81A1-59B37F5E3652}.Debug|Any CPU.ActiveCfg = Debug|Any CPU
		{B5C5BDBA-4B6C-4D10-81A1-59B37F5E3652}.Debug|Any CPU.Build.0 = Debug|Any CPU
		{B5C5BDBA-4B6C-4D10-81A1-59B37F5E3652}.Release|Any CPU.ActiveCfg = Release|Any CPU
		{B5C5BDBA-4B6C-4D10-81A1-59B37F5E3652}.Release|Any CPU.Build.0 = Release|Any CPU
	EndGlobalSection
	GlobalSection(SolutionProperties) = preSolution
		HideSolutionNode = FALSE
	EndGlobalSection
	GlobalSection(ExtensibilityGlobals) = postSolution
		SolutionGuid = {C96C7659-9C8F-4DC6-A595-A9AD8F2EBAF3}
	EndGlobalSection
EndGlobal
